cloud.google.com/go v0.26.0/go.mod h1:aQUYkXzVsufM+DwF1aE+0xfcU+56JwCaLick0ClmMTw=
cloud.google.com/go v0.34.0/go.mod h1:aQUYkXzVsufM+DwF1aE+0xfcU+56JwCaLick0ClmMTw=
cloud.google.com/go v0.38.0/go.mod h1:990N+gfupTy94rShfmMCWGDn0LpTmnzTp2qbd1dvSRU=
contrib.go.opencensus.io/exporter/ocagent v0.6.0/go.mod h1:zmKjrJcdo0aYcVS7bmEeSEBLPA9YJp5bjrofdU3pIXs=
github.com/BurntSushi/toml v0.3.1/go.mod h1:xHWCNGjB5oqiDr8zfno3MHue2Ht5sIBksp03qcyfWMU=
github.com/Dreamacro/clash v1.3.0 h1:cFxYrirU6gm/9jKl3cGXKEpHbbqa2IGURgMznzgrNBo=
github.com/Dreamacro/clash v1.3.0/go.mod h1:jpzNkbLW28q7hRJ8wu54swTv9ppg4czKqdDo1R15LPo=
github.com/Dreamacro/go-shadowsocks2 v0.1.6 h1:PysSf9sLT3Qn8jhlin5v7Rk68gOQG4K5BZFY1nxLGxI=
github.com/PuerkitoBio/goquery v1.5.1 h1:PSPBGne8NIUWw+/7vFBV+kG2J/5MOjbzc7154OaKCSE=
github.com/PuerkitoBio/goquery v1.5.1/go.mod h1:GsLWisAFVj4WgDibEWF4pvYnkVQBpKBKeU+7zCJoLcc=
